
Microsoft Visual Studio Solution File, Format Version 12.00
# Visual Studio Version 17
VisualStudioVersion = 17.4.33205.214
MinimumVisualStudioVersion = 10.0.40219.1
Project("{9A19103F-16F7-4668-BE54-9A1E7A4F7556}") = "kortlagning_vefur", "kortlagning_vefur.csproj", "{F7D802B1-D535-4C7C-B2DC-FB8340098BDC}"
EndProject
Project("{9A19103F-16F7-4668-BE54-9A1E7A4F7556}") = "cClassKortLagning", "..\cClassKortLagning\cClassKortLagning.csproj", "{58FB228E-BC16-4EE5-B8BD-CECC88E27D37}"
EndProject
Global
	GlobalSection(SolutionConfigurationPlatforms) = preSolution
		Debug|Any CPU = Debug|Any CPU
		Release|Any CPU = Release|Any CPU
	EndGlobalSection
	GlobalSection(ProjectConfigurationPlatforms) = postSolution
		{F7D802B1-D535-4C7C-B2DC-FB8340098BDC}.Debug|Any CPU.ActiveCfg = Debug|Any CPU
		{F7D802B1-D535-4C7C-B2DC-FB8340098BDC}.Debug|Any CPU.Build.0 = Debug|Any CPU
		{F7D802B1-D535-4C7C-B2DC-FB8340098BDC}.Release|Any CPU.ActiveCfg = Release|Any CPU
		{F7D802B1-D535-4C7C-B2DC-FB8340098BDC}.Release|Any CPU.Build.0 = Release|Any CPU
		{58FB228E-BC16-4EE5-B8BD-CECC88E27D37}.Debug|Any CPU.ActiveCfg = Debug|Any CPU
		{58FB228E-BC16-4EE5-B8BD-CECC88E27D37}.Debug|Any CPU.Build.0 = Debug|Any CPU
		{58FB228E-BC16-4EE5-B8BD-CECC88E27D37}.Release|Any CPU.ActiveCfg = Release|Any CPU
		{58FB228E-BC16-4EE5-B8BD-CECC88E27D37}.Release|Any CPU.Build.0 = Release|Any CPU
	EndGlobalSection
	GlobalSection(SolutionProperties) = preSolution
		HideSolutionNode = FALSE
	EndGlobalSection
	GlobalSection(ExtensibilityGlobals) = postSolution
		SolutionGuid = {9EBEE723-47B1-43C2-AE77-D54DE84FEEF7}
	EndGlobalSection
EndGlobal
